// !$*UTF8*$!
{
	archiveVersion = 1;
	classes = {
	};
	objectVersion = 46;
	objects = {

/* Begin PBXBuildFile section */
		C707D4001D14B32E00F39EBF /* main.cpp in Sources */ = {isa = PBXBuildFile; fileRef = C707D3FF1D14B32E00F39EBF /* main.cpp */; };
		C707D4081D14B38000F39EBF /* dltInc.cpp in Sources */ = {isa = PBXBuildFile; fileRef = C707D4071D14B38000F39EBF /* dltInc.cpp */; };
		C707D40B1D30407D00F39EBF /* dltInc_wrapper.cpp in Sources */ = {isa = PBXBuildFile; fileRef = C707D40A1D30407D00F39EBF /* dltInc_wrapper.cpp */; };
/* End PBXBuildFile section */

/* Begin PBXCopyFilesBuildPhase section */
		C707D3FA1D14B32E00F39EBF /* CopyFiles */ = {
			isa = PBXCopyFilesBuildPhase;
			buildActionMask = 2147483647;
			dstPath = /usr/share/man/man1/;
			dstSubfolderSpec = 0;
			files = (
			);
			runOnlyForDeploymentPostprocessing = 1;
		};
/* End PBXCopyFilesBuildPhase section */

/* Begin PBXFileReference section */
		C707D3FC1D14B32E00F39EBF /* DltInc_poc */ = {isa = PBXFileReference; explicitFileType = "compiled.mach-o.executable"; includeInIndex = 0; path = DltInc_poc; sourceTree = BUILT_PRODUCTS_DIR; };
		C707D3FF1D14B32E00F39EBF /* main.cpp */ = {isa = PBXFileReference; lastKnownFileType = sourcecode.cpp.cpp; path = main.cpp; sourceTree = "<group>"; };
		C707D4061D14B35600F39EBF /* dltInc.h */ = {isa = PBXFileReference; lastKnownFileType = sourcecode.c.h; path = dltInc.h; sourceTree = "<group>"; };
		C707D4071D14B38000F39EBF /* dltInc.cpp */ = {isa = PBXFileReference; fileEncoding = 4; lastKnownFileType = sourcecode.cpp.cpp; path = dltInc.cpp; sourceTree = "<group>"; };
		C707D4091D303E8C00F39EBF /* dltInc_wrapper.h */ = {isa = PBXFileReference; lastKnownFileType = sourcecode.c.h; path = dltInc_wrapper.h; sourceTree = "<group>"; };
		C707D40A1D30407D00F39EBF /* dltInc_wrapper.cpp */ = {isa = PBXFileReference; fileEncoding = 4; lastKnownFileType = sourcecode.cpp.cpp; path = dltInc_wrapper.cpp; sourceTree = "<group>"; };
/* End PBXFileReference section */

/* Begin PBXFrameworksBuildPhase section */
		C707D3F91D14B32E00F39EBF /* Frameworks */ = {
			isa = PBXFrameworksBuildPhase;
			buildActionMask = 2147483647;
			files = (
			);
			runOnlyForDeploymentPostprocessing = 0;
		};
/* End PBXFrameworksBuildPhase section */

/* Begin PBXGroup section */
		C707D3F31D14B32E00F39EBF = {
			isa = PBXGroup;
			children = (
				C707D3FE1D14B32E00F39EBF /* DltInc_poc */,
				C707D3FD1D14B32E00F39EBF /* Products */,
			);
			sourceTree = "<group>";
		};
		C707D3FD1D14B32E00F39EBF /* Products */ = {
			isa = PBXGroup;
			children = (
				C707D3FC1D14B32E00F39EBF /* DltInc_poc */,
			);
			name = Products;
			sourceTree = "<group>";
		};
		C707D3FE1D14B32E00F39EBF /* DltInc_poc */ = {
			isa = PBXGroup;
			children = (
				C707D3FF1D14B32E00F39EBF /* main.cpp */,
				C707D4061D14B35600F39EBF /* dltInc.h */,
				C707D4071D14B38000F39EBF /* dltInc.cpp */,
				C707D4091D303E8C00F39EBF /* dltInc_wrapper.h */,
				C707D40A1D30407D00F39EBF /* dltInc_wrapper.cpp */,
			);
			path = DltInc_poc;
			sourceTree = "<group>";
		};
/* End PBXGroup section */

/* Begin PBXNativeTarget section */
		C707D3FB1D14B32E00F39EBF /* DltInc_poc */ = {
			isa = PBXNativeTarget;
			buildConfigurationList = C707D4031D14B32F00F39EBF /* Build configuration list for PBXNativeTarget "DltInc_poc" */;
			buildPhases = (
				C707D3F81D14B32E00F39EBF /* Sources */,
				C707D3F91D14B32E00F39EBF /* Frameworks */,
				C707D3FA1D14B32E00F39EBF /* CopyFiles */,
			);
			buildRules = (
			);
			dependencies = (
			);
			name = DltInc_poc;
			productName = DltInc_poc;
			productReference = C707D3FC1D14B32E00F39EBF /* DltInc_poc */;
			productType = "com.apple.product-type.tool";
		};
/* End PBXNativeTarget section */

/* Begin PBXProject section */
		C707D3F41D14B32E00F39EBF /* Project object */ = {
			isa = PBXProject;
			attributes = {
				LastUpgradeCheck = 0710;
				ORGANIZATIONNAME = "Gurpreet Singh";
				TargetAttributes = {
					C707D3FB1D14B32E00F39EBF = {
						CreatedOnToolsVersion = 7.1;
					};
				};
			};
			buildConfigurationList = C707D3F71D14B32E00F39EBF /* Build configuration list for PBXProject "DltInc_poc" */;
			compatibilityVersion = "Xcode 3.2";
			developmentRegion = English;
			hasScannedForEncodings = 0;
			knownRegions = (
				en,
			);
			mainGroup = C707D3F31D14B32E00F39EBF;
			productRefGroup = C707D3FD1D14B32E00F39EBF /* Products */;
			projectDirPath = "";
			projectRoot = "";
			targets = (
				C707D3FB1D14B32E00F39EBF /* DltInc_poc */,
			);
		};
/* End PBXProject section */

/* Begin PBXSourcesBuildPhase section */
		C707D3F81D14B32E00F39EBF /* Sources */ = {
			isa = PBXSourcesBuildPhase;
			buildActionMask = 2147483647;
			files = (
				C707D4001D14B32E00F39EBF /* main.cpp in Sources */,
				C707D40B1D30407D00F39EBF /* dltInc_wrapper.cpp in Sources */,
				C707D4081D14B38000F39EBF /* dltInc.cpp in Sources */,
			);
			runOnlyForDeploymentPostprocessing = 0;
		};
/* End PBXSourcesBuildPhase section */

/* Begin XCBuildConfiguration section */
		C707D4011D14B32F00F39EBF /* Debug */ = {
			isa = XCBuildConfiguration;
			buildSettings = {
				ALWAYS_SEARCH_USER_PATHS = NO;
				CLANG_CXX_LANGUAGE_STANDARD = "gnu++0x";
				CLANG_CXX_LIBRARY = "libc++";
				CLANG_ENABLE_MODULES = YES;
				CLANG_ENABLE_OBJC_ARC = YES;
				CLANG_WARN_BOOL_CONVERSION = YES;
				CLANG_WARN_CONSTANT_CONVERSION = YES;
				CLANG_WARN_DIRECT_OBJC_ISA_USAGE = YES_ERROR;
				CLANG_WARN_EMPTY_BODY = YES;
				CLANG_WARN_ENUM_CONVERSION = YES;
				CLANG_WARN_INT_CONVERSION = YES;
				CLANG_WARN_OBJC_ROOT_CLASS = YES_ERROR;
				CLANG_WARN_UNREACHABLE_CODE = YES;
				CLANG_WARN__DUPLICATE_METHOD_MATCH = YES;
				CODE_SIGN_IDENTITY = "-";
				COPY_PHASE_STRIP = NO;
				DEBUG_INFORMATION_FORMAT = dwarf;
				ENABLE_STRICT_OBJC_MSGSEND = YES;
				ENABLE_TESTABILITY = YES;
				GCC_C_LANGUAGE_STANDARD = gnu99;
				GCC_DYNAMIC_NO_PIC = NO;
				GCC_NO_COMMON_BLOCKS = YES;
				GCC_OPTIMIZATION_LEVEL = 0;
				GCC_PREPROCESSOR_DEFINITIONS = (
					"DEBUG=1",
					"$(inherited)",
				);
				GCC_WARN_64_TO_32_BIT_CONVERSION = YES;
				GCC_WARN_ABOUT_RETURN_TYPE = YES_ERROR;
				GCC_WARN_UNDECLARED_SELECTOR = YES;
				GCC_WARN_UNINITIALIZED_AUTOS = YES_AGGRESSIVE;
				GCC_WARN_UNUSED_FUNCTION = YES;
				GCC_WARN_UNUSED_VARIABLE = YES;
				MACOSX_DEPLOYMENT_TARGET = 10.10;
				MTL_ENABLE_DEBUG_INFO = YES;
				ONLY_ACTIVE_ARCH = YES;
				SDKROOT = macosx;
			};
			name = Debug;
		};
		C707D4021D14B32F00F39EBF /* Release */ = {
			isa = XCBuildConfiguration;
			buildSettings = {
				ALWAYS_SEARCH_USER_PATHS = NO;
				CLANG_CXX_LANGUAGE_STANDARD = "gnu++0x";
				CLANG_CXX_LIBRARY = "libc++";
				CLANG_ENABLE_MODULES = YES;
				CLANG_ENABLE_OBJC_ARC = YES;
				CLANG_WARN_BOOL_CONVERSION = YES;
				CLANG_WARN_CONSTANT_CONVERSION = YES;
				CLANG_WARN_DIRECT_OBJC_ISA_USAGE = YES_ERROR;
				CLANG_WARN_EMPTY_BODY = YES;
				CLANG_WARN_ENUM_CONVERSION = YES;
				CLANG_WARN_INT_CONVERSION = YES;
				CLANG_WARN_OBJC_ROOT_CLASS = YES_ERROR;
				CLANG_WARN_UNREACHABLE_CODE = YES;
				CLANG_WARN__DUPLICATE_METHOD_MATCH = YES;
				CODE_SIGN_IDENTITY = "-";
				COPY_PHASE_STRIP = NO;
				DEBUG_INFORMATION_FORMAT = "dwarf-with-dsym";
				ENABLE_NS_ASSERTIONS = NO;
				ENABLE_STRICT_OBJC_MSGSEND = YES;
				GCC_C_LANGUAGE_STANDARD = gnu99;
				GCC_NO_COMMON_BLOCKS = YES;
				GCC_WARN_64_TO_32_BIT_CONVERSION = YES;
				GCC_WARN_ABOUT_RETURN_TYPE = YES_ERROR;
				GCC_WARN_UNDECLARED_SELECTOR = YES;
				GCC_WARN_UNINITIALIZED_AUTOS = YES_AGGRESSIVE;
				GCC_WARN_UNUSED_FUNCTION = YES;
				GCC_WARN_UNUSED_VARIABLE = YES;
				MACOSX_DEPLOYMENT_TARGET = 10.10;
				MTL_ENABLE_DEBUG_INFO = NO;
				SDKROOT = macosx;
			};
			name = Release;
		};
		C707D4041D14B32F00F39EBF /* Debug */ = {
			isa = XCBuildConfiguration;
			buildSettings = {
				PRODUCT_NAME = "$(TARGET_NAME)";
			};
			name = Debug;
		};
		C707D4051D14B32F00F39EBF /* Release */ = {
			isa = XCBuildConfiguration;
			buildSettings = {
				PRODUCT_NAME = "$(TARGET_NAME)";
			};
			name = Release;
		};
/* End XCBuildConfiguration section */

/* Begin XCConfigurationList section */
		C707D3F71D14B32E00F39EBF /* Build configuration list for PBXProject "DltInc_poc" */ = {
			isa = XCConfigurationList;
			buildConfigurations = (
				C707D4011D14B32F00F39EBF /* Debug */,
				C707D4021D14B32F00F39EBF /* Release */,
			);
			defaultConfigurationIsVisible = 0;
			defaultConfigurationName = Release;
		};
		C707D4031D14B32F00F39EBF /* Build configuration list for PBXNativeTarget "DltInc_poc" */ = {
			isa = XCConfigurationList;
			buildConfigurations = (
				C707D4041D14B32F00F39EBF /* Debug */,
				C707D4051D14B32F00F39EBF /* Release */,
			);
			defaultConfigurationIsVisible = 0;
			defaultConfigurationName = Release;
		};
/* End XCConfigurationList section */
	};
	rootObject = C707D3F41D14B32E00F39EBF /* Project object */;
}
